
Microsoft Visual Studio Solution File, Format Version 12.00
# Visual Studio 15
VisualStudioVersion = 15.0.27703.2042
MinimumVisualStudioVersion = 10.0.40219.1
Project("{FAE04EC0-301F-11D3-BF4B-00C04F79EFBC}") = "Jlib", "Jlib\Jlib.csproj", "{31373D00-2698-4766-B36B-F3B5F3204F0A}"
EndProject
Project("{FAE04EC0-301F-11D3-BF4B-00C04F79EFBC}") = "JlibTests", "JlibTests\JlibTests.csproj", "{61A97513-5517-40AB-A05C-CAD08CC6F406}"
EndProject
Global
	GlobalSection(SolutionConfigurationPlatforms) = preSolution
		Debug|Any CPU = Debug|Any CPU
		Debug|ARM = Debug|ARM
		Debug|x64 = Debug|x64
		Debug|x86 = Debug|x86
		Release|Any CPU = Release|Any CPU
		Release|ARM = Release|ARM
		Release|x64 = Release|x64
		Release|x86 = Release|x86
	EndGlobalSection
	GlobalSection(ProjectConfigurationPlatforms) = postSolution
		{31373D00-2698-4766-B36B-F3B5F3204F0A}.Debug|Any CPU.ActiveCfg = Debug|Any CPU
		{31373D00-2698-4766-B36B-F3B5F3204F0A}.Debug|Any CPU.Build.0 = Debug|Any CPU
		{31373D00-2698-4766-B36B-F3B5F3204F0A}.Debug|ARM.ActiveCfg = Debug|Any CPU
		{31373D00-2698-4766-B36B-F3B5F3204F0A}.Debug|ARM.Build.0 = Debug|Any CPU
		{31373D00-2698-4766-B36B-F3B5F3204F0A}.Debug|x64.ActiveCfg = Debug|Any CPU
		{31373D00-2698-4766-B36B-F3B5F3204F0A}.Debug|x64.Build.0 = Debug|Any CPU
		{31373D00-2698-4766-B36B-F3B5F3204F0A}.Debug|x86.ActiveCfg = Debug|Any CPU
		{31373D00-2698-4766-B36B-F3B5F3204F0A}.Debug|x86.Build.0 = Debug|Any CPU
		{31373D00-2698-4766-B36B-F3B5F3204F0A}.Release|Any CPU.ActiveCfg = Release|Any CPU
		{31373D00-2698-4766-B36B-F3B5F3204F0A}.Release|Any CPU.Build.0 = Release|Any CPU
		{31373D00-2698-4766-B36B-F3B5F3204F0A}.Release|ARM.ActiveCfg = Release|Any CPU
		{31373D00-2698-4766-B36B-F3B5F3204F0A}.Release|ARM.Build.0 = Release|Any CPU
		{31373D00-2698-4766-B36B-F3B5F3204F0A}.Release|x64.ActiveCfg = Release|Any CPU
		{31373D00-2698-4766-B36B-F3B5F3204F0A}.Release|x64.Build.0 = Release|Any CPU
		{31373D00-2698-4766-B36B-F3B5F3204F0A}.Release|x86.ActiveCfg = Release|Any CPU
		{31373D00-2698-4766-B36B-F3B5F3204F0A}.Release|x86.Build.0 = Release|Any CPU
		{61A97513-5517-40AB-A05C-CAD08CC6F406}.Debug|Any CPU.ActiveCfg = Debug|Any CPU
		{61A97513-5517-40AB-A05C-CAD08CC6F406}.Debug|Any CPU.Build.0 = Debug|Any CPU
		{61A97513-5517-40AB-A05C-CAD08CC6F406}.Debug|ARM.ActiveCfg = Debug|Any CPU
		{61A97513-5517-40AB-A05C-CAD08CC6F406}.Debug|ARM.Build.0 = Debug|Any CPU
		{61A97513-5517-40AB-A05C-CAD08CC6F406}.Debug|x64.ActiveCfg = Debug|Any CPU
		{61A97513-5517-40AB-A05C-CAD08CC6F406}.Debug|x64.Build.0 = Debug|Any CPU
		{61A97513-5517-40AB-A05C-CAD08CC6F406}.Debug|x86.ActiveCfg = Debug|Any CPU
		{61A97513-5517-40AB-A05C-CAD08CC6F406}.Debug|x86.Build.0 = Debug|Any CPU
		{61A97513-5517-40AB-A05C-CAD08CC6F406}.Release|Any CPU.ActiveCfg = Release|Any CPU
		{61A97513-5517-40AB-A05C-CAD08CC6F406}.Release|Any CPU.Build.0 = Release|Any CPU
		{61A97513-5517-40AB-A05C-CAD08CC6F406}.Release|ARM.ActiveCfg = Release|Any CPU
		{61A97513-5517-40AB-A05C-CAD08CC6F406}.Release|ARM.Build.0 = Release|Any CPU
		{61A97513-5517-40AB-A05C-CAD08CC6F406}.Release|x64.ActiveCfg = Release|Any CPU
		{61A97513-5517-40AB-A05C-CAD08CC6F406}.Release|x64.Build.0 = Release|Any CPU
		{61A97513-5517-40AB-A05C-CAD08CC6F406}.Release|x86.ActiveCfg = Release|Any CPU
		{61A97513-5517-40AB-A05C-CAD08CC6F406}.Release|x86.Build.0 = Release|Any CPU
	EndGlobalSection
	GlobalSection(SolutionProperties) = preSolution
		HideSolutionNode = FALSE
	EndGlobalSection
	GlobalSection(ExtensibilityGlobals) = postSolution
		SolutionGuid = {F0169B2B-19E5-4432-8081-B6C70B3A3095}
	EndGlobalSection
EndGlobal
